// !$*UTF8*$!
{
	archiveVersion = 1;
	classes = {
	};
	objectVersion = 55;
	objects = {

/* Begin PBXBuildFile section */
		951504E127CE516700C0B224 /* ExamCardView.swift in Sources */ = {isa = PBXBuildFile; fileRef = 951504E027CE516700C0B224 /* ExamCardView.swift */; };
		951504E727CE672300C0B224 /* Roboto-Regular.ttf in Resources */ = {isa = PBXBuildFile; fileRef = 951504E627CE672300C0B224 /* Roboto-Regular.ttf */; };
		951504E927CE675800C0B224 /* Inter-Medium.ttf in Resources */ = {isa = PBXBuildFile; fileRef = 951504E827CE675800C0B224 /* Inter-Medium.ttf */; };
		951504EB27CE676F00C0B224 /* Inter-Regular.ttf in Resources */ = {isa = PBXBuildFile; fileRef = 951504EA27CE676F00C0B224 /* Inter-Regular.ttf */; };
		951504ED27CE67D900C0B224 /* Inter-SemiBold.ttf in Resources */ = {isa = PBXBuildFile; fileRef = 951504EC27CE67D900C0B224 /* Inter-SemiBold.ttf */; };
		951504EF27CE67F400C0B224 /* Inter-Light.ttf in Resources */ = {isa = PBXBuildFile; fileRef = 951504EE27CE67F400C0B224 /* Inter-Light.ttf */; };
		951504F227CE68E000C0B224 /* FontExtension.swift in Sources */ = {isa = PBXBuildFile; fileRef = 951504F127CE68E000C0B224 /* FontExtension.swift */; };
		951504F427CE787D00C0B224 /* AttendanceProgressView.swift in Sources */ = {isa = PBXBuildFile; fileRef = 951504F327CE787D00C0B224 /* AttendanceProgressView.swift */; };
		9563E68527CE2E61006FCC2E /* Exams_AppApp.swift in Sources */ = {isa = PBXBuildFile; fileRef = 9563E68427CE2E61006FCC2E /* Exams_AppApp.swift */; };
		9563E68927CE2E62006FCC2E /* Assets.xcassets in Resources */ = {isa = PBXBuildFile; fileRef = 9563E68827CE2E62006FCC2E /* Assets.xcassets */; };
		9563E68C27CE2E62006FCC2E /* Preview Assets.xcassets in Resources */ = {isa = PBXBuildFile; fileRef = 9563E68B27CE2E62006FCC2E /* Preview Assets.xcassets */; };
		9563E69427CE3254006FCC2E /* ColorExtension.swift in Sources */ = {isa = PBXBuildFile; fileRef = 9563E69327CE3254006FCC2E /* ColorExtension.swift */; };
		9563E69827CE3B9A006FCC2E /* HomeTabView.swift in Sources */ = {isa = PBXBuildFile; fileRef = 9563E69727CE3B99006FCC2E /* HomeTabView.swift */; };
		9563E69B27CE3CDC006FCC2E /* Exam.swift in Sources */ = {isa = PBXBuildFile; fileRef = 9563E69A27CE3CDC006FCC2E /* Exam.swift */; };
		9563E6A027CE3D28006FCC2E /* Classroom.swift in Sources */ = {isa = PBXBuildFile; fileRef = 9563E69F27CE3D28006FCC2E /* Classroom.swift */; };
		9563E6A727CE4841006FCC2E /* DashboardView.swift in Sources */ = {isa = PBXBuildFile; fileRef = 9563E6A627CE4841006FCC2E /* DashboardView.swift */; };
		9563E6A927CE493F006FCC2E /* User.swift in Sources */ = {isa = PBXBuildFile; fileRef = 9563E6A827CE493F006FCC2E /* User.swift */; };
		9563E6AE27CE4D6C006FCC2E /* PlaceholderView.swift in Sources */ = {isa = PBXBuildFile; fileRef = 9563E6AD27CE4D6C006FCC2E /* PlaceholderView.swift */; };
/* End PBXBuildFile section */

/* Begin PBXFileReference section */
		951504E027CE516700C0B224 /* ExamCardView.swift */ = {isa = PBXFileReference; lastKnownFileType = sourcecode.swift; path = ExamCardView.swift; sourceTree = "<group>"; };
		951504E627CE672300C0B224 /* Roboto-Regular.ttf */ = {isa = PBXFileReference; lastKnownFileType = file; path = "Roboto-Regular.ttf"; sourceTree = "<group>"; };
		951504E827CE675800C0B224 /* Inter-Medium.ttf */ = {isa = PBXFileReference; lastKnownFileType = file; path = "Inter-Medium.ttf"; sourceTree = "<group>"; };
		951504EA27CE676F00C0B224 /* Inter-Regular.ttf */ = {isa = PBXFileReference; lastKnownFileType = file; path = "Inter-Regular.ttf"; sourceTree = "<group>"; };
		951504EC27CE67D900C0B224 /* Inter-SemiBold.ttf */ = {isa = PBXFileReference; lastKnownFileType = file; path = "Inter-SemiBold.ttf"; sourceTree = "<group>"; };
		951504EE27CE67F400C0B224 /* Inter-Light.ttf */ = {isa = PBXFileReference; lastKnownFileType = file; path = "Inter-Light.ttf"; sourceTree = "<group>"; };
		951504F027CE687D00C0B224 /* Info.plist */ = {isa = PBXFileReference; lastKnownFileType = text.plist; path = Info.plist; sourceTree = "<group>"; };
		951504F127CE68E000C0B224 /* FontExtension.swift */ = {isa = PBXFileReference; lastKnownFileType = sourcecode.swift; path = FontExtension.swift; sourceTree = "<group>"; };
		951504F327CE787D00C0B224 /* AttendanceProgressView.swift */ = {isa = PBXFileReference; lastKnownFileType = sourcecode.swift; path = AttendanceProgressView.swift; sourceTree = "<group>"; };
		9563E68127CE2E61006FCC2E /* Exams-App.app */ = {isa = PBXFileReference; explicitFileType = wrapper.application; includeInIndex = 0; path = "Exams-App.app"; sourceTree = BUILT_PRODUCTS_DIR; };
		9563E68427CE2E61006FCC2E /* Exams_AppApp.swift */ = {isa = PBXFileReference; lastKnownFileType = sourcecode.swift; path = Exams_AppApp.swift; sourceTree = "<group>"; };
		9563E68827CE2E62006FCC2E /* Assets.xcassets */ = {isa = PBXFileReference; lastKnownFileType = folder.assetcatalog; path = Assets.xcassets; sourceTree = "<group>"; };
		9563E68B27CE2E62006FCC2E /* Preview Assets.xcassets */ = {isa = PBXFileReference; lastKnownFileType = folder.assetcatalog; path = "Preview Assets.xcassets"; sourceTree = "<group>"; };
		9563E69327CE3254006FCC2E /* ColorExtension.swift */ = {isa = PBXFileReference; lastKnownFileType = sourcecode.swift; path = ColorExtension.swift; sourceTree = "<group>"; };
		9563E69727CE3B99006FCC2E /* HomeTabView.swift */ = {isa = PBXFileReference; lastKnownFileType = sourcecode.swift; path = HomeTabView.swift; sourceTree = "<group>"; };
		9563E69A27CE3CDC006FCC2E /* Exam.swift */ = {isa = PBXFileReference; lastKnownFileType = sourcecode.swift; path = Exam.swift; sourceTree = "<group>"; };
		9563E69F27CE3D28006FCC2E /* Classroom.swift */ = {isa = PBXFileReference; lastKnownFileType = sourcecode.swift; path = Classroom.swift; sourceTree = "<group>"; };
		9563E6A627CE4841006FCC2E /* DashboardView.swift */ = {isa = PBXFileReference; lastKnownFileType = sourcecode.swift; path = DashboardView.swift; sourceTree = "<group>"; };
		9563E6A827CE493F006FCC2E /* User.swift */ = {isa = PBXFileReference; lastKnownFileType = sourcecode.swift; path = User.swift; sourceTree = "<group>"; };
		9563E6AD27CE4D6C006FCC2E /* PlaceholderView.swift */ = {isa = PBXFileReference; lastKnownFileType = sourcecode.swift; path = PlaceholderView.swift; sourceTree = "<group>"; };
/* End PBXFileReference section */

/* Begin PBXFrameworksBuildPhase section */
		9563E67E27CE2E61006FCC2E /* Frameworks */ = {
			isa = PBXFrameworksBuildPhase;
			buildActionMask = 2147483647;
			files = (
			);
			runOnlyForDeploymentPostprocessing = 0;
		};
/* End PBXFrameworksBuildPhase section */

/* Begin PBXGroup section */
		951504DC27CE50C100C0B224 /* Components */ = {
			isa = PBXGroup;
			children = (
				951504E027CE516700C0B224 /* ExamCardView.swift */,
				951504F327CE787D00C0B224 /* AttendanceProgressView.swift */,
			);
			path = Components;
			sourceTree = "<group>";
		};
		951504E427CE671000C0B224 /* Resources */ = {
			isa = PBXGroup;
			children = (
				951504E527CE671500C0B224 /* Fonts */,
			);
			path = Resources;
			sourceTree = "<group>";
		};
		951504E527CE671500C0B224 /* Fonts */ = {
			isa = PBXGroup;
			children = (
				951504E627CE672300C0B224 /* Roboto-Regular.ttf */,
				951504EE27CE67F400C0B224 /* Inter-Light.ttf */,
				951504E827CE675800C0B224 /* Inter-Medium.ttf */,
				951504EA27CE676F00C0B224 /* Inter-Regular.ttf */,
				951504EC27CE67D900C0B224 /* Inter-SemiBold.ttf */,
			);
			path = Fonts;
			sourceTree = "<group>";
		};
		9563E67827CE2E61006FCC2E = {
			isa = PBXGroup;
			children = (
				9563E68327CE2E61006FCC2E /* Exams-App */,
				9563E68227CE2E61006FCC2E /* Products */,
			);
			sourceTree = "<group>";
		};
		9563E68227CE2E61006FCC2E /* Products */ = {
			isa = PBXGroup;
			children = (
				9563E68127CE2E61006FCC2E /* Exams-App.app */,
			);
			name = Products;
			sourceTree = "<group>";
		};
		9563E68327CE2E61006FCC2E /* Exams-App */ = {
			isa = PBXGroup;
			children = (
				951504F027CE687D00C0B224 /* Info.plist */,
				951504E427CE671000C0B224 /* Resources */,
				9563E68427CE2E61006FCC2E /* Exams_AppApp.swift */,
				9563E6A327CE482C006FCC2E /* Core */,
				9563E69927CE3CD0006FCC2E /* Models */,
				9563E69227CE3248006FCC2E /* Extensions */,
				9563E68827CE2E62006FCC2E /* Assets.xcassets */,
				9563E68A27CE2E62006FCC2E /* Preview Content */,
			);
			path = "Exams-App";
			sourceTree = "<group>";
		};
		9563E68A27CE2E62006FCC2E /* Preview Content */ = {
			isa = PBXGroup;
			children = (
				9563E68B27CE2E62006FCC2E /* Preview Assets.xcassets */,
			);
			path = "Preview Content";
			sourceTree = "<group>";
		};
		9563E69227CE3248006FCC2E /* Extensions */ = {
			isa = PBXGroup;
			children = (
				9563E69327CE3254006FCC2E /* ColorExtension.swift */,
				951504F127CE68E000C0B224 /* FontExtension.swift */,
			);
			path = Extensions;
			sourceTree = "<group>";
		};
		9563E69927CE3CD0006FCC2E /* Models */ = {
			isa = PBXGroup;
			children = (
				9563E69A27CE3CDC006FCC2E /* Exam.swift */,
				9563E69F27CE3D28006FCC2E /* Classroom.swift */,
				9563E6A827CE493F006FCC2E /* User.swift */,
			);
			path = Models;
			sourceTree = "<group>";
		};
		9563E6A327CE482C006FCC2E /* Core */ = {
			isa = PBXGroup;
			children = (
				951504DC27CE50C100C0B224 /* Components */,
				9563E6A427CE4830006FCC2E /* Screens */,
			);
			path = Core;
			sourceTree = "<group>";
		};
		9563E6A427CE4830006FCC2E /* Screens */ = {
			isa = PBXGroup;
			children = (
				9563E69727CE3B99006FCC2E /* HomeTabView.swift */,
				9563E6A527CE4835006FCC2E /* Dashboard */,
				9563E6AA27CE4D4C006FCC2E /* Placeholder */,
			);
			path = Screens;
			sourceTree = "<group>";
		};
		9563E6A527CE4835006FCC2E /* Dashboard */ = {
			isa = PBXGroup;
			children = (
				9563E6A627CE4841006FCC2E /* DashboardView.swift */,
			);
			path = Dashboard;
			sourceTree = "<group>";
		};
		9563E6AA27CE4D4C006FCC2E /* Placeholder */ = {
			isa = PBXGroup;
			children = (
				9563E6AD27CE4D6C006FCC2E /* PlaceholderView.swift */,
			);
			path = Placeholder;
			sourceTree = "<group>";
		};
/* End PBXGroup section */

/* Begin PBXNativeTarget section */
		9563E68027CE2E61006FCC2E /* Exams-App */ = {
			isa = PBXNativeTarget;
			buildConfigurationList = 9563E68F27CE2E62006FCC2E /* Build configuration list for PBXNativeTarget "Exams-App" */;
			buildPhases = (
				9563E67D27CE2E61006FCC2E /* Sources */,
				9563E67E27CE2E61006FCC2E /* Frameworks */,
				9563E67F27CE2E61006FCC2E /* Resources */,
			);
			buildRules = (
			);
			dependencies = (
			);
			name = "Exams-App";
			productName = "Exams-App";
			productReference = 9563E68127CE2E61006FCC2E /* Exams-App.app */;
			productType = "com.apple.product-type.application";
		};
/* End PBXNativeTarget section */

/* Begin PBXProject section */
		9563E67927CE2E61006FCC2E /* Project object */ = {
			isa = PBXProject;
			attributes = {
				BuildIndependentTargetsInParallel = 1;
				LastSwiftUpdateCheck = 1320;
				LastUpgradeCheck = 1320;
				TargetAttributes = {
					9563E68027CE2E61006FCC2E = {
						CreatedOnToolsVersion = 13.2.1;
					};
				};
			};
			buildConfigurationList = 9563E67C27CE2E61006FCC2E /* Build configuration list for PBXProject "Exams-App" */;
			compatibilityVersion = "Xcode 13.0";
			developmentRegion = en;
			hasScannedForEncodings = 0;
			knownRegions = (
				en,
				Base,
			);
			mainGroup = 9563E67827CE2E61006FCC2E;
			productRefGroup = 9563E68227CE2E61006FCC2E /* Products */;
			projectDirPath = "";
			projectRoot = "";
			targets = (
				9563E68027CE2E61006FCC2E /* Exams-App */,
			);
		};
/* End PBXProject section */

/* Begin PBXResourcesBuildPhase section */
		9563E67F27CE2E61006FCC2E /* Resources */ = {
			isa = PBXResourcesBuildPhase;
			buildActionMask = 2147483647;
			files = (
				951504ED27CE67D900C0B224 /* Inter-SemiBold.ttf in Resources */,
				951504E927CE675800C0B224 /* Inter-Medium.ttf in Resources */,
				951504EB27CE676F00C0B224 /* Inter-Regular.ttf in Resources */,
				951504E727CE672300C0B224 /* Roboto-Regular.ttf in Resources */,
				9563E68C27CE2E62006FCC2E /* Preview Assets.xcassets in Resources */,
				9563E68927CE2E62006FCC2E /* Assets.xcassets in Resources */,
				951504EF27CE67F400C0B224 /* Inter-Light.ttf in Resources */,
			);
			runOnlyForDeploymentPostprocessing = 0;
		};
/* End PBXResourcesBuildPhase section */

/* Begin PBXSourcesBuildPhase section */
		9563E67D27CE2E61006FCC2E /* Sources */ = {
			isa = PBXSourcesBuildPhase;
			buildActionMask = 2147483647;
			files = (
				951504F427CE787D00C0B224 /* AttendanceProgressView.swift in Sources */,
				951504F227CE68E000C0B224 /* FontExtension.swift in Sources */,
				951504E127CE516700C0B224 /* ExamCardView.swift in Sources */,
				9563E6A027CE3D28006FCC2E /* Classroom.swift in Sources */,
				9563E6A727CE4841006FCC2E /* DashboardView.swift in Sources */,
				9563E69B27CE3CDC006FCC2E /* Exam.swift in Sources */,
				9563E69427CE3254006FCC2E /* ColorExtension.swift in Sources */,
				9563E68527CE2E61006FCC2E /* Exams_AppApp.swift in Sources */,
				9563E69827CE3B9A006FCC2E /* HomeTabView.swift in Sources */,
				9563E6AE27CE4D6C006FCC2E /* PlaceholderView.swift in Sources */,
				9563E6A927CE493F006FCC2E /* User.swift in Sources */,
			);
			runOnlyForDeploymentPostprocessing = 0;
		};
/* End PBXSourcesBuildPhase section */

/* Begin XCBuildConfiguration section */
		9563E68D27CE2E62006FCC2E /* Debug */ = {
			isa = XCBuildConfiguration;
			buildSettings = {
				ALWAYS_SEARCH_USER_PATHS = NO;
				CLANG_ANALYZER_NONNULL = YES;
				CLANG_ANALYZER_NUMBER_OBJECT_CONVERSION = YES_AGGRESSIVE;
				CLANG_CXX_LANGUAGE_STANDARD = "gnu++17";
				CLANG_CXX_LIBRARY = "libc++";
				CLANG_ENABLE_MODULES = YES;
				CLANG_ENABLE_OBJC_ARC = YES;
				CLANG_ENABLE_OBJC_WEAK = YES;
				CLANG_WARN_BLOCK_CAPTURE_AUTORELEASING = YES;
				CLANG_WARN_BOOL_CONVERSION = YES;
				CLANG_WARN_COMMA = YES;
				CLANG_WARN_CONSTANT_CONVERSION = YES;
				CLANG_WARN_DEPRECATED_OBJC_IMPLEMENTATIONS = YES;
				CLANG_WARN_DIRECT_OBJC_ISA_USAGE = YES_ERROR;
				CLANG_WARN_DOCUMENTATION_COMMENTS = YES;
				CLANG_WARN_EMPTY_BODY = YES;
				CLANG_WARN_ENUM_CONVERSION = YES;
				CLANG_WARN_INFINITE_RECURSION = YES;
				CLANG_WARN_INT_CONVERSION = YES;
				CLANG_WARN_NON_LITERAL_NULL_CONVERSION = YES;
				CLANG_WARN_OBJC_IMPLICIT_RETAIN_SELF = YES;
				CLANG_WARN_OBJC_LITERAL_CONVERSION = YES;
				CLANG_WARN_OBJC_ROOT_CLASS = YES_ERROR;
				CLANG_WARN_QUOTED_INCLUDE_IN_FRAMEWORK_HEADER = YES;
				CLANG_WARN_RANGE_LOOP_ANALYSIS = YES;
				CLANG_WARN_STRICT_PROTOTYPES = YES;
				CLANG_WARN_SUSPICIOUS_MOVE = YES;
				CLANG_WARN_UNGUARDED_AVAILABILITY = YES_AGGRESSIVE;
				CLANG_WARN_UNREACHABLE_CODE = YES;
				CLANG_WARN__DUPLICATE_METHOD_MATCH = YES;
				COPY_PHASE_STRIP = NO;
				DEBUG_INFORMATION_FORMAT = dwarf;
				ENABLE_STRICT_OBJC_MSGSEND = YES;
				ENABLE_TESTABILITY = YES;
				GCC_C_LANGUAGE_STANDARD = gnu11;
				GCC_DYNAMIC_NO_PIC = NO;
				GCC_NO_COMMON_BLOCKS = YES;
				GCC_OPTIMIZATION_LEVEL = 0;
				GCC_PREPROCESSOR_DEFINITIONS = (
					"DEBUG=1",
					"$(inherited)",
				);
				GCC_WARN_64_TO_32_BIT_CONVERSION = YES;
				GCC_WARN_ABOUT_RETURN_TYPE = YES_ERROR;
				GCC_WARN_UNDECLARED_SELECTOR = YES;
				GCC_WARN_UNINITIALIZED_AUTOS = YES_AGGRESSIVE;
				GCC_WARN_UNUSED_FUNCTION = YES;
				GCC_WARN_UNUSED_VARIABLE = YES;
				IPHONEOS_DEPLOYMENT_TARGET = 15.2;
				MTL_ENABLE_DEBUG_INFO = INCLUDE_SOURCE;
				MTL_FAST_MATH = YES;
				ONLY_ACTIVE_ARCH = YES;
				SDKROOT = iphoneos;
				SWIFT_ACTIVE_COMPILATION_CONDITIONS = DEBUG;
				SWIFT_OPTIMIZATION_LEVEL = "-Onone";
			};
			name = Debug;
		};
		9563E68E27CE2E62006FCC2E /* Release */ = {
			isa = XCBuildConfiguration;
			buildSettings = {
				ALWAYS_SEARCH_USER_PATHS = NO;
				CLANG_ANALYZER_NONNULL = YES;
				CLANG_ANALYZER_NUMBER_OBJECT_CONVERSION = YES_AGGRESSIVE;
				CLANG_CXX_LANGUAGE_STANDARD = "gnu++17";
				CLANG_CXX_LIBRARY = "libc++";
				CLANG_ENABLE_MODULES = YES;
				CLANG_ENABLE_OBJC_ARC = YES;
				CLANG_ENABLE_OBJC_WEAK = YES;
				CLANG_WARN_BLOCK_CAPTURE_AUTORELEASING = YES;
				CLANG_WARN_BOOL_CONVERSION = YES;
				CLANG_WARN_COMMA = YES;
				CLANG_WARN_CONSTANT_CONVERSION = YES;
				CLANG_WARN_DEPRECATED_OBJC_IMPLEMENTATIONS = YES;
				CLANG_WARN_DIRECT_OBJC_ISA_USAGE = YES_ERROR;
				CLANG_WARN_DOCUMENTATION_COMMENTS = YES;
				CLANG_WARN_EMPTY_BODY = YES;
				CLANG_WARN_ENUM_CONVERSION = YES;
				CLANG_WARN_INFINITE_RECURSION = YES;
				CLANG_WARN_INT_CONVERSION = YES;
				CLANG_WARN_NON_LITERAL_NULL_CONVERSION = YES;
				CLANG_WARN_OBJC_IMPLICIT_RETAIN_SELF = YES;
				CLANG_WARN_OBJC_LITERAL_CONVERSION = YES;
				CLANG_WARN_OBJC_ROOT_CLASS = YES_ERROR;
				CLANG_WARN_QUOTED_INCLUDE_IN_FRAMEWORK_HEADER = YES;
				CLANG_WARN_RANGE_LOOP_ANALYSIS = YES;
				CLANG_WARN_STRICT_PROTOTYPES = YES;
				CLANG_WARN_SUSPICIOUS_MOVE = YES;
				CLANG_WARN_UNGUARDED_AVAILABILITY = YES_AGGRESSIVE;
				CLANG_WARN_UNREACHABLE_CODE = YES;
				CLANG_WARN__DUPLICATE_METHOD_MATCH = YES;
				COPY_PHASE_STRIP = NO;
				DEBUG_INFORMATION_FORMAT = "dwarf-with-dsym";
				ENABLE_NS_ASSERTIONS = NO;
				ENABLE_STRICT_OBJC_MSGSEND = YES;
				GCC_C_LANGUAGE_STANDARD = gnu11;
				GCC_NO_COMMON_BLOCKS = YES;
				GCC_WARN_64_TO_32_BIT_CONVERSION = YES;
				GCC_WARN_ABOUT_RETURN_TYPE = YES_ERROR;
				GCC_WARN_UNDECLARED_SELECTOR = YES;
				GCC_WARN_UNINITIALIZED_AUTOS = YES_AGGRESSIVE;
				GCC_WARN_UNUSED_FUNCTION = YES;
				GCC_WARN_UNUSED_VARIABLE = YES;
				IPHONEOS_DEPLOYMENT_TARGET = 15.2;
				MTL_ENABLE_DEBUG_INFO = NO;
				MTL_FAST_MATH = YES;
				SDKROOT = iphoneos;
				SWIFT_COMPILATION_MODE = wholemodule;
				SWIFT_OPTIMIZATION_LEVEL = "-O";
				VALIDATE_PRODUCT = YES;
			};
			name = Release;
		};
		9563E69027CE2E62006FCC2E /* Debug */ = {
			isa = XCBuildConfiguration;
			buildSettings = {
				ASSETCATALOG_COMPILER_APPICON_NAME = AppIcon;
				ASSETCATALOG_COMPILER_GLOBAL_ACCENT_COLOR_NAME = AccentColor;
				CODE_SIGN_STYLE = Automatic;
				CURRENT_PROJECT_VERSION = 1;
				DEVELOPMENT_ASSET_PATHS = "\"Exams-App/Preview Content\"";
				DEVELOPMENT_TEAM = 8HB4M5YG35;
				ENABLE_PREVIEWS = YES;
				GENERATE_INFOPLIST_FILE = YES;
				INFOPLIST_FILE = "Exams-App/Info.plist";
				INFOPLIST_KEY_UIApplicationSceneManifest_Generation = YES;
				INFOPLIST_KEY_UIApplicationSupportsIndirectInputEvents = YES;
				INFOPLIST_KEY_UILaunchScreen_Generation = YES;
				INFOPLIST_KEY_UISupportedInterfaceOrientations_iPad = "UIInterfaceOrientationPortrait UIInterfaceOrientationPortraitUpsideDown UIInterfaceOrientationLandscapeLeft UIInterfaceOrientationLandscapeRight";
				INFOPLIST_KEY_UISupportedInterfaceOrientations_iPhone = "UIInterfaceOrientationPortrait UIInterfaceOrientationLandscapeLeft UIInterfaceOrientationLandscapeRight";
				LD_RUNPATH_SEARCH_PATHS = (
					"$(inherited)",
					"@executable_path/Frameworks",
				);
				MARKETING_VERSION = 1.0;
				PRODUCT_BUNDLE_IDENTIFIER = "com.duncankent.Exams-App";
				PRODUCT_NAME = "$(TARGET_NAME)";
				SWIFT_EMIT_LOC_STRINGS = YES;
				SWIFT_VERSION = 5.0;
				TARGETED_DEVICE_FAMILY = "1,2";
			};
			name = Debug;
		};
		9563E69127CE2E62006FCC2E /* Release */ = {
			isa = XCBuildConfiguration;
			buildSettings = {
				ASSETCATALOG_COMPILER_APPICON_NAME = AppIcon;
				ASSETCATALOG_COMPILER_GLOBAL_ACCENT_COLOR_NAME = AccentColor;
				CODE_SIGN_STYLE = Automatic;
				CURRENT_PROJECT_VERSION = 1;
				DEVELOPMENT_ASSET_PATHS = "\"Exams-App/Preview Content\"";
				DEVELOPMENT_TEAM = 8HB4M5YG35;
				ENABLE_PREVIEWS = YES;
				GENERATE_INFOPLIST_FILE = YES;
				INFOPLIST_FILE = "Exams-App/Info.plist";
				INFOPLIST_KEY_UIApplicationSceneManifest_Generation = YES;
				INFOPLIST_KEY_UIApplicationSupportsIndirectInputEvents = YES;
				INFOPLIST_KEY_UILaunchScreen_Generation = YES;
				INFOPLIST_KEY_UISupportedInterfaceOrientations_iPad = "UIInterfaceOrientationPortrait UIInterfaceOrientationPortraitUpsideDown UIInterfaceOrientationLandscapeLeft UIInterfaceOrientationLandscapeRight";
				INFOPLIST_KEY_UISupportedInterfaceOrientations_iPhone = "UIInterfaceOrientationPortrait UIInterfaceOrientationLandscapeLeft UIInterfaceOrientationLandscapeRight";
				LD_RUNPATH_SEARCH_PATHS = (
					"$(inherited)",
					"@executable_path/Frameworks",
				);
				MARKETING_VERSION = 1.0;
				PRODUCT_BUNDLE_IDENTIFIER = "com.duncankent.Exams-App";
				PRODUCT_NAME = "$(TARGET_NAME)";
				SWIFT_EMIT_LOC_STRINGS = YES;
				SWIFT_VERSION = 5.0;
				TARGETED_DEVICE_FAMILY = "1,2";
			};
			name = Release;
		};
/* End XCBuildConfiguration section */

/* Begin XCConfigurationList section */
		9563E67C27CE2E61006FCC2E /* Build configuration list for PBXProject "Exams-App" */ = {
			isa = XCConfigurationList;
			buildConfigurations = (
				9563E68D27CE2E62006FCC2E /* Debug */,
				9563E68E27CE2E62006FCC2E /* Release */,
			);
			defaultConfigurationIsVisible = 0;
			defaultConfigurationName = Release;
		};
		9563E68F27CE2E62006FCC2E /* Build configuration list for PBXNativeTarget "Exams-App" */ = {
			isa = XCConfigurationList;
			buildConfigurations = (
				9563E69027CE2E62006FCC2E /* Debug */,
				9563E69127CE2E62006FCC2E /* Release */,
			);
			defaultConfigurationIsVisible = 0;
			defaultConfigurationName = Release;
		};
/* End XCConfigurationList section */
	};
	rootObject = 9563E67927CE2E61006FCC2E /* Project object */;
}
